
Microsoft Visual Studio Solution File, Format Version 12.00
# Visual Studio Version 16
VisualStudioVersion = 16.0.31205.134
MinimumVisualStudioVersion = 15.0.26124.0
Project("{9A19103F-16F7-4668-BE54-9A1E7A4F7556}") = "Assimalign.Azure.WebJobs.Bindings.Demo", "Assimalign.Azure.WebJobs.Bindings.Demo\Assimalign.Azure.WebJobs.Bindings.Demo.csproj", "{AF6FDCCB-B17E-406A-9928-308879D9C0A8}"
EndProject
Project("{2150E333-8FDC-42A3-9474-1A3956D46DE8}") = "references", "references", "{F53D9C52-CB39-471D-BD95-B7794AC11C38}"
EndProject
Project("{9A19103F-16F7-4668-BE54-9A1E7A4F7556}") = "Assimalign.Azure.WebJobs.Bindings.Http", "..\..\libraries\Assimalign.Azure.WebJobs.Bindings\Assimalign.Azure.WebJobs.Bindings.Http\Assimalign.Azure.WebJobs.Bindings.Http.csproj", "{5D961296-9937-43F6-99BB-28FC2A6EC514}"
EndProject
Project("{9A19103F-16F7-4668-BE54-9A1E7A4F7556}") = "Assimalign.Azure.WebJobs.Bindings.ServiceBus", "..\..\libraries\Assimalign.Azure.WebJobs.Bindings\Assimalign.Azure.WebJobs.Bindings.ServiceBus\Assimalign.Azure.WebJobs.Bindings.ServiceBus.csproj", "{847866A4-3AD5-4299-BAC0-6DEDD4D85B75}"
EndProject
Global
	GlobalSection(SolutionConfigurationPlatforms) = preSolution
		Debug|Any CPU = Debug|Any CPU
		Debug|x64 = Debug|x64
		Debug|x86 = Debug|x86
		Release|Any CPU = Release|Any CPU
		Release|x64 = Release|x64
		Release|x86 = Release|x86
	EndGlobalSection
	GlobalSection(ProjectConfigurationPlatforms) = postSolution
		{AF6FDCCB-B17E-406A-9928-308879D9C0A8}.Debug|Any CPU.ActiveCfg = Debug|Any CPU
		{AF6FDCCB-B17E-406A-9928-308879D9C0A8}.Debug|Any CPU.Build.0 = Debug|Any CPU
		{AF6FDCCB-B17E-406A-9928-308879D9C0A8}.Debug|x64.ActiveCfg = Debug|Any CPU
		{AF6FDCCB-B17E-406A-9928-308879D9C0A8}.Debug|x64.Build.0 = Debug|Any CPU
		{AF6FDCCB-B17E-406A-9928-308879D9C0A8}.Debug|x86.ActiveCfg = Debug|Any CPU
		{AF6FDCCB-B17E-406A-9928-308879D9C0A8}.Debug|x86.Build.0 = Debug|Any CPU
		{AF6FDCCB-B17E-406A-9928-308879D9C0A8}.Release|Any CPU.ActiveCfg = Release|Any CPU
		{AF6FDCCB-B17E-406A-9928-308879D9C0A8}.Release|Any CPU.Build.0 = Release|Any CPU
		{AF6FDCCB-B17E-406A-9928-308879D9C0A8}.Release|x64.ActiveCfg = Release|Any CPU
		{AF6FDCCB-B17E-406A-9928-308879D9C0A8}.Release|x64.Build.0 = Release|Any CPU
		{AF6FDCCB-B17E-406A-9928-308879D9C0A8}.Release|x86.ActiveCfg = Release|Any CPU
		{AF6FDCCB-B17E-406A-9928-308879D9C0A8}.Release|x86.Build.0 = Release|Any CPU
		{5D961296-9937-43F6-99BB-28FC2A6EC514}.Debug|Any CPU.ActiveCfg = Debug|Any CPU
		{5D961296-9937-43F6-99BB-28FC2A6EC514}.Debug|Any CPU.Build.0 = Debug|Any CPU
		{5D961296-9937-43F6-99BB-28FC2A6EC514}.Debug|x64.ActiveCfg = Debug|Any CPU
		{5D961296-9937-43F6-99BB-28FC2A6EC514}.Debug|x64.Build.0 = Debug|Any CPU
		{5D961296-9937-43F6-99BB-28FC2A6EC514}.Debug|x86.ActiveCfg = Debug|Any CPU
		{5D961296-9937-43F6-99BB-28FC2A6EC514}.Debug|x86.Build.0 = Debug|Any CPU
		{5D961296-9937-43F6-99BB-28FC2A6EC514}.Release|Any CPU.ActiveCfg = Release|Any CPU
		{5D961296-9937-43F6-99BB-28FC2A6EC514}.Release|Any CPU.Build.0 = Release|Any CPU
		{5D961296-9937-43F6-99BB-28FC2A6EC514}.Release|x64.ActiveCfg = Release|Any CPU
		{5D961296-9937-43F6-99BB-28FC2A6EC514}.Release|x64.Build.0 = Release|Any CPU
		{5D961296-9937-43F6-99BB-28FC2A6EC514}.Release|x86.ActiveCfg = Release|Any CPU
		{5D961296-9937-43F6-99BB-28FC2A6EC514}.Release|x86.Build.0 = Release|Any CPU
		{847866A4-3AD5-4299-BAC0-6DEDD4D85B75}.Debug|Any CPU.ActiveCfg = Debug|Any CPU
		{847866A4-3AD5-4299-BAC0-6DEDD4D85B75}.Debug|Any CPU.Build.0 = Debug|Any CPU
		{847866A4-3AD5-4299-BAC0-6DEDD4D85B75}.Debug|x64.ActiveCfg = Debug|Any CPU
		{847866A4-3AD5-4299-BAC0-6DEDD4D85B75}.Debug|x64.Build.0 = Debug|Any CPU
		{847866A4-3AD5-4299-BAC0-6DEDD4D85B75}.Debug|x86.ActiveCfg = Debug|Any CPU
		{847866A4-3AD5-4299-BAC0-6DEDD4D85B75}.Debug|x86.Build.0 = Debug|Any CPU
		{847866A4-3AD5-4299-BAC0-6DEDD4D85B75}.Release|Any CPU.ActiveCfg = Release|Any CPU
		{847866A4-3AD5-4299-BAC0-6DEDD4D85B75}.Release|Any CPU.Build.0 = Release|Any CPU
		{847866A4-3AD5-4299-BAC0-6DEDD4D85B75}.Release|x64.ActiveCfg = Release|Any CPU
		{847866A4-3AD5-4299-BAC0-6DEDD4D85B75}.Release|x64.Build.0 = Release|Any CPU
		{847866A4-3AD5-4299-BAC0-6DEDD4D85B75}.Release|x86.ActiveCfg = Release|Any CPU
		{847866A4-3AD5-4299-BAC0-6DEDD4D85B75}.Release|x86.Build.0 = Release|Any CPU
	EndGlobalSection
	GlobalSection(SolutionProperties) = preSolution
		HideSolutionNode = FALSE
	EndGlobalSection
	GlobalSection(NestedProjects) = preSolution
		{5D961296-9937-43F6-99BB-28FC2A6EC514} = {F53D9C52-CB39-471D-BD95-B7794AC11C38}
		{847866A4-3AD5-4299-BAC0-6DEDD4D85B75} = {F53D9C52-CB39-471D-BD95-B7794AC11C38}
	EndGlobalSection
	GlobalSection(ExtensibilityGlobals) = postSolution
		SolutionGuid = {3B07150C-91FC-4785-905A-65200D125287}
	EndGlobalSection
EndGlobal
